
Microsoft Visual Studio Solution File, Format Version 12.00
# Visual Studio 15
VisualStudioVersion = 15.0.28307.1585
MinimumVisualStudioVersion = 10.0.40219.1
Project("{FAE04EC0-301F-11D3-BF4B-00C04F79EFBC}") = "CS_3变量和类型", "CS_3变量和类型\CS_3变量和类型.csproj", "{31BC9390-F757-41E7-9C74-2A92ED22B5C2}"
EndProject
Global
	GlobalSection(SolutionConfigurationPlatforms) = preSolution
		Debug|Any CPU = Debug|Any CPU
		Release|Any CPU = Release|Any CPU
	EndGlobalSection
	GlobalSection(ProjectConfigurationPlatforms) = postSolution
		{31BC9390-F757-41E7-9C74-2A92ED22B5C2}.Debug|Any CPU.ActiveCfg = Debug|Any CPU
		{31BC9390-F757-41E7-9C74-2A92ED22B5C2}.Debug|Any CPU.Build.0 = Debug|Any CPU
		{31BC9390-F757-41E7-9C74-2A92ED22B5C2}.Release|Any CPU.ActiveCfg = Release|Any CPU
		{31BC9390-F757-41E7-9C74-2A92ED22B5C2}.Release|Any CPU.Build.0 = Release|Any CPU
	EndGlobalSection
	GlobalSection(SolutionProperties) = preSolution
		HideSolutionNode = FALSE
	EndGlobalSection
	GlobalSection(ExtensibilityGlobals) = postSolution
		SolutionGuid = {75FED14A-6B49-4457-9761-743ADF8870BE}
	EndGlobalSection
EndGlobal
